
Microsoft Visual Studio Solution File, Format Version 12.00
# Visual Studio 15
VisualStudioVersion = 15.0.28307.1684
MinimumVisualStudioVersion = 10.0.40219.1
Project("{888888A0-9F3D-457C-B088-3A5042F75D52}") = "Hello_World", "Hello_World\Hello_World.pyproj", "{25D2EFA0-6A72-4338-A004-708B30C6DCD7}"
EndProject
Global
	GlobalSection(SolutionConfigurationPlatforms) = preSolution
		Debug|Any CPU = Debug|Any CPU
		Release|Any CPU = Release|Any CPU
	EndGlobalSection
	GlobalSection(ProjectConfigurationPlatforms) = postSolution
		{25D2EFA0-6A72-4338-A004-708B30C6DCD7}.Debug|Any CPU.ActiveCfg = Debug|Any CPU
		{25D2EFA0-6A72-4338-A004-708B30C6DCD7}.Release|Any CPU.ActiveCfg = Release|Any CPU
	EndGlobalSection
	GlobalSection(SolutionProperties) = preSolution
		HideSolutionNode = FALSE
	EndGlobalSection
	GlobalSection(ExtensibilityGlobals) = postSolution
		SolutionGuid = {92F0708B-7731-49AC-8C28-BF9C816EC885}
	EndGlobalSection
EndGlobal
